// !$*UTF8*$!
{
	archiveVersion = 1;
	classes = {
	};
	objectVersion = 46;
	objects = {

/* Begin PBXBuildFile section */
		148821561E5DA41A00DB9355 /* TabBarController.swift in Sources */ = {isa = PBXBuildFile; fileRef = 148821551E5DA41A00DB9355 /* TabBarController.swift */; };
		7EA525C11E508D6E00DB657E /* AppDelegate.swift in Sources */ = {isa = PBXBuildFile; fileRef = 7EA525C01E508D6E00DB657E /* AppDelegate.swift */; };
		7EA525C31E508D6E00DB657E /* LoginViewController.swift in Sources */ = {isa = PBXBuildFile; fileRef = 7EA525C21E508D6E00DB657E /* LoginViewController.swift */; };
		7EA525C61E508D6E00DB657E /* Main.storyboard in Resources */ = {isa = PBXBuildFile; fileRef = 7EA525C41E508D6E00DB657E /* Main.storyboard */; };
		7EA525C81E508D6E00DB657E /* Assets.xcassets in Resources */ = {isa = PBXBuildFile; fileRef = 7EA525C71E508D6E00DB657E /* Assets.xcassets */; };
		7EA525CB1E508D6E00DB657E /* LaunchScreen.storyboard in Resources */ = {isa = PBXBuildFile; fileRef = 7EA525C91E508D6E00DB657E /* LaunchScreen.storyboard */; };
		7EA525D31E59977F00DB657E /* UdacityUserAPI.swift in Sources */ = {isa = PBXBuildFile; fileRef = 7EA525D21E59977F00DB657E /* UdacityUserAPI.swift */; };
		7EA525D51E59CD1B00DB657E /* UdacityStudent.swift in Sources */ = {isa = PBXBuildFile; fileRef = 7EA525D41E59CD1B00DB657E /* UdacityStudent.swift */; };
		7EA525D71E59D93700DB657E /* constants.swift in Sources */ = {isa = PBXBuildFile; fileRef = 7EA525D61E59D93700DB657E /* constants.swift */; };
		7EA525D91E5DF85E00DB657E /* UIViewControllerExtension.swift in Sources */ = {isa = PBXBuildFile; fileRef = 7EA525D81E5DF85E00DB657E /* UIViewControllerExtension.swift */; };
/* End PBXBuildFile section */

/* Begin PBXFileReference section */
		148821551E5DA41A00DB9355 /* TabBarController.swift */ = {isa = PBXFileReference; fileEncoding = 4; lastKnownFileType = sourcecode.swift; path = TabBarController.swift; sourceTree = "<group>"; };
		7EA525BD1E508D6E00DB657E /* OntheMap.app */ = {isa = PBXFileReference; explicitFileType = wrapper.application; includeInIndex = 0; path = OntheMap.app; sourceTree = BUILT_PRODUCTS_DIR; };
		7EA525C01E508D6E00DB657E /* AppDelegate.swift */ = {isa = PBXFileReference; lastKnownFileType = sourcecode.swift; path = AppDelegate.swift; sourceTree = "<group>"; };
		7EA525C21E508D6E00DB657E /* LoginViewController.swift */ = {isa = PBXFileReference; lastKnownFileType = sourcecode.swift; path = LoginViewController.swift; sourceTree = "<group>"; };
		7EA525C51E508D6E00DB657E /* Base */ = {isa = PBXFileReference; lastKnownFileType = file.storyboard; name = Base; path = Base.lproj/Main.storyboard; sourceTree = "<group>"; };
		7EA525C71E508D6E00DB657E /* Assets.xcassets */ = {isa = PBXFileReference; lastKnownFileType = folder.assetcatalog; path = Assets.xcassets; sourceTree = "<group>"; };
		7EA525CA1E508D6E00DB657E /* Base */ = {isa = PBXFileReference; lastKnownFileType = file.storyboard; name = Base; path = Base.lproj/LaunchScreen.storyboard; sourceTree = "<group>"; };
		7EA525CC1E508D6E00DB657E /* Info.plist */ = {isa = PBXFileReference; lastKnownFileType = text.plist.xml; path = Info.plist; sourceTree = "<group>"; };
		7EA525D21E59977F00DB657E /* UdacityUserAPI.swift */ = {isa = PBXFileReference; fileEncoding = 4; lastKnownFileType = sourcecode.swift; path = UdacityUserAPI.swift; sourceTree = "<group>"; };
		7EA525D41E59CD1B00DB657E /* UdacityStudent.swift */ = {isa = PBXFileReference; fileEncoding = 4; lastKnownFileType = sourcecode.swift; path = UdacityStudent.swift; sourceTree = "<group>"; };
		7EA525D61E59D93700DB657E /* constants.swift */ = {isa = PBXFileReference; fileEncoding = 4; lastKnownFileType = sourcecode.swift; path = constants.swift; sourceTree = "<group>"; };
		7EA525D81E5DF85E00DB657E /* UIViewControllerExtension.swift */ = {isa = PBXFileReference; fileEncoding = 4; lastKnownFileType = sourcecode.swift; path = UIViewControllerExtension.swift; sourceTree = "<group>"; };
/* End PBXFileReference section */

/* Begin PBXFrameworksBuildPhase section */
		7EA525BA1E508D6E00DB657E /* Frameworks */ = {
			isa = PBXFrameworksBuildPhase;
			buildActionMask = 2147483647;
			files = (
			);
			runOnlyForDeploymentPostprocessing = 0;
		};
/* End PBXFrameworksBuildPhase section */

/* Begin PBXGroup section */
		148821581E5DB1D900DB9355 /* Controller */ = {
			isa = PBXGroup;
			children = (
				7EA525C21E508D6E00DB657E /* LoginViewController.swift */,
				148821551E5DA41A00DB9355 /* TabBarController.swift */,
				7EA525D81E5DF85E00DB657E /* UIViewControllerExtension.swift */,
			);
			name = Controller;
			sourceTree = "<group>";
		};
		148821591E5DB22A00DB9355 /* Model */ = {
			isa = PBXGroup;
			children = (
				7EA525D21E59977F00DB657E /* UdacityUserAPI.swift */,
				7EA525D41E59CD1B00DB657E /* UdacityStudent.swift */,
			);
			name = Model;
			sourceTree = "<group>";
		};
		7EA525B41E508D6E00DB657E = {
			isa = PBXGroup;
			children = (
				7EA525BF1E508D6E00DB657E /* OntheMap */,
				7EA525BE1E508D6E00DB657E /* Products */,
			);
			sourceTree = "<group>";
		};
		7EA525BE1E508D6E00DB657E /* Products */ = {
			isa = PBXGroup;
			children = (
				7EA525BD1E508D6E00DB657E /* OntheMap.app */,
			);
			name = Products;
			sourceTree = "<group>";
		};
		7EA525BF1E508D6E00DB657E /* OntheMap */ = {
			isa = PBXGroup;
			children = (
				7EA525C01E508D6E00DB657E /* AppDelegate.swift */,
				7EA525D61E59D93700DB657E /* constants.swift */,
				148821581E5DB1D900DB9355 /* Controller */,
				148821591E5DB22A00DB9355 /* Model */,
				7EA525C41E508D6E00DB657E /* Main.storyboard */,
				7EA525C71E508D6E00DB657E /* Assets.xcassets */,
				7EA525C91E508D6E00DB657E /* LaunchScreen.storyboard */,
				7EA525CC1E508D6E00DB657E /* Info.plist */,
			);
			path = OntheMap;
			sourceTree = "<group>";
		};
/* End PBXGroup section */

/* Begin PBXNativeTarget section */
		7EA525BC1E508D6E00DB657E /* OntheMap */ = {
			isa = PBXNativeTarget;
			buildConfigurationList = 7EA525CF1E508D6E00DB657E /* Build configuration list for PBXNativeTarget "OntheMap" */;
			buildPhases = (
				7EA525B91E508D6E00DB657E /* Sources */,
				7EA525BA1E508D6E00DB657E /* Frameworks */,
				7EA525BB1E508D6E00DB657E /* Resources */,
			);
			buildRules = (
			);
			dependencies = (
			);
			name = OntheMap;
			productName = OntheMap;
			productReference = 7EA525BD1E508D6E00DB657E /* OntheMap.app */;
			productType = "com.apple.product-type.application";
		};
/* End PBXNativeTarget section */

/* Begin PBXProject section */
		7EA525B51E508D6E00DB657E /* Project object */ = {
			isa = PBXProject;
			attributes = {
				LastSwiftUpdateCheck = 0800;
				LastUpgradeCheck = 0800;
				ORGANIZATIONNAME = "Rakesh Kumar";
				TargetAttributes = {
					7EA525BC1E508D6E00DB657E = {
						CreatedOnToolsVersion = 8.0;
						ProvisioningStyle = Automatic;
					};
				};
			};
			buildConfigurationList = 7EA525B81E508D6E00DB657E /* Build configuration list for PBXProject "OntheMap" */;
			compatibilityVersion = "Xcode 3.2";
			developmentRegion = English;
			hasScannedForEncodings = 0;
			knownRegions = (
				en,
				Base,
			);
			mainGroup = 7EA525B41E508D6E00DB657E;
			productRefGroup = 7EA525BE1E508D6E00DB657E /* Products */;
			projectDirPath = "";
			projectRoot = "";
			targets = (
				7EA525BC1E508D6E00DB657E /* OntheMap */,
			);
		};
/* End PBXProject section */

/* Begin PBXResourcesBuildPhase section */
		7EA525BB1E508D6E00DB657E /* Resources */ = {
			isa = PBXResourcesBuildPhase;
			buildActionMask = 2147483647;
			files = (
				7EA525CB1E508D6E00DB657E /* LaunchScreen.storyboard in Resources */,
				7EA525C81E508D6E00DB657E /* Assets.xcassets in Resources */,
				7EA525C61E508D6E00DB657E /* Main.storyboard in Resources */,
			);
			runOnlyForDeploymentPostprocessing = 0;
		};
/* End PBXResourcesBuildPhase section */

/* Begin PBXSourcesBuildPhase section */
		7EA525B91E508D6E00DB657E /* Sources */ = {
			isa = PBXSourcesBuildPhase;
			buildActionMask = 2147483647;
			files = (
				7EA525C31E508D6E00DB657E /* LoginViewController.swift in Sources */,
				7EA525D51E59CD1B00DB657E /* UdacityStudent.swift in Sources */,
				7EA525C11E508D6E00DB657E /* AppDelegate.swift in Sources */,
				148821561E5DA41A00DB9355 /* TabBarController.swift in Sources */,
				7EA525D71E59D93700DB657E /* constants.swift in Sources */,
				7EA525D91E5DF85E00DB657E /* UIViewControllerExtension.swift in Sources */,
				7EA525D31E59977F00DB657E /* UdacityUserAPI.swift in Sources */,
			);
			runOnlyForDeploymentPostprocessing = 0;
		};
/* End PBXSourcesBuildPhase section */

/* Begin PBXVariantGroup section */
		7EA525C41E508D6E00DB657E /* Main.storyboard */ = {
			isa = PBXVariantGroup;
			children = (
				7EA525C51E508D6E00DB657E /* Base */,
			);
			name = Main.storyboard;
			sourceTree = "<group>";
		};
		7EA525C91E508D6E00DB657E /* LaunchScreen.storyboard */ = {
			isa = PBXVariantGroup;
			children = (
				7EA525CA1E508D6E00DB657E /* Base */,
			);
			name = LaunchScreen.storyboard;
			sourceTree = "<group>";
		};
/* End PBXVariantGroup section */

/* Begin XCBuildConfiguration section */
		7EA525CD1E508D6E00DB657E /* Debug */ = {
			isa = XCBuildConfiguration;
			buildSettings = {
				ALWAYS_SEARCH_USER_PATHS = NO;
				CLANG_ANALYZER_NONNULL = YES;
				CLANG_CXX_LANGUAGE_STANDARD = "gnu++0x";
				CLANG_CXX_LIBRARY = "libc++";
				CLANG_ENABLE_MODULES = YES;
				CLANG_ENABLE_OBJC_ARC = YES;
				CLANG_WARN_BOOL_CONVERSION = YES;
				CLANG_WARN_CONSTANT_CONVERSION = YES;
				CLANG_WARN_DIRECT_OBJC_ISA_USAGE = YES_ERROR;
				CLANG_WARN_DOCUMENTATION_COMMENTS = YES;
				CLANG_WARN_EMPTY_BODY = YES;
				CLANG_WARN_ENUM_CONVERSION = YES;
				CLANG_WARN_INFINITE_RECURSION = YES;
				CLANG_WARN_INT_CONVERSION = YES;
				CLANG_WARN_OBJC_ROOT_CLASS = YES_ERROR;
				CLANG_WARN_SUSPICIOUS_MOVES = YES;
				CLANG_WARN_UNREACHABLE_CODE = YES;
				CLANG_WARN__DUPLICATE_METHOD_MATCH = YES;
				"CODE_SIGN_IDENTITY[sdk=iphoneos*]" = "iPhone Developer";
				COPY_PHASE_STRIP = NO;
				DEBUG_INFORMATION_FORMAT = dwarf;
				ENABLE_STRICT_OBJC_MSGSEND = YES;
				ENABLE_TESTABILITY = YES;
				GCC_C_LANGUAGE_STANDARD = gnu99;
				GCC_DYNAMIC_NO_PIC = NO;
				GCC_NO_COMMON_BLOCKS = YES;
				GCC_OPTIMIZATION_LEVEL = 0;
				GCC_PREPROCESSOR_DEFINITIONS = (
					"DEBUG=1",
					"$(inherited)",
				);
				GCC_WARN_64_TO_32_BIT_CONVERSION = YES;
				GCC_WARN_ABOUT_RETURN_TYPE = YES_ERROR;
				GCC_WARN_UNDECLARED_SELECTOR = YES;
				GCC_WARN_UNINITIALIZED_AUTOS = YES_AGGRESSIVE;
				GCC_WARN_UNUSED_FUNCTION = YES;
				GCC_WARN_UNUSED_VARIABLE = YES;
				IPHONEOS_DEPLOYMENT_TARGET = 10.0;
				MTL_ENABLE_DEBUG_INFO = YES;
				ONLY_ACTIVE_ARCH = YES;
				SDKROOT = iphoneos;
				SWIFT_ACTIVE_COMPILATION_CONDITIONS = DEBUG;
				SWIFT_OPTIMIZATION_LEVEL = "-Onone";
				TARGETED_DEVICE_FAMILY = "1,2";
			};
			name = Debug;
		};
		7EA525CE1E508D6E00DB657E /* Release */ = {
			isa = XCBuildConfiguration;
			buildSettings = {
				ALWAYS_SEARCH_USER_PATHS = NO;
				CLANG_ANALYZER_NONNULL = YES;
				CLANG_CXX_LANGUAGE_STANDARD = "gnu++0x";
				CLANG_CXX_LIBRARY = "libc++";
				CLANG_ENABLE_MODULES = YES;
				CLANG_ENABLE_OBJC_ARC = YES;
				CLANG_WARN_BOOL_CONVERSION = YES;
				CLANG_WARN_CONSTANT_CONVERSION = YES;
				CLANG_WARN_DIRECT_OBJC_ISA_USAGE = YES_ERROR;
				CLANG_WARN_DOCUMENTATION_COMMENTS = YES;
				CLANG_WARN_EMPTY_BODY = YES;
				CLANG_WARN_ENUM_CONVERSION = YES;
				CLANG_WARN_INFINITE_RECURSION = YES;
				CLANG_WARN_INT_CONVERSION = YES;
				CLANG_WARN_OBJC_ROOT_CLASS = YES_ERROR;
				CLANG_WARN_SUSPICIOUS_MOVES = YES;
				CLANG_WARN_UNREACHABLE_CODE = YES;
				CLANG_WARN__DUPLICATE_METHOD_MATCH = YES;
				"CODE_SIGN_IDENTITY[sdk=iphoneos*]" = "iPhone Developer";
				COPY_PHASE_STRIP = NO;
				DEBUG_INFORMATION_FORMAT = "dwarf-with-dsym";
				ENABLE_NS_ASSERTIONS = NO;
				ENABLE_STRICT_OBJC_MSGSEND = YES;
				GCC_C_LANGUAGE_STANDARD = gnu99;
				GCC_NO_COMMON_BLOCKS = YES;
				GCC_WARN_64_TO_32_BIT_CONVERSION = YES;
				GCC_WARN_ABOUT_RETURN_TYPE = YES_ERROR;
				GCC_WARN_UNDECLARED_SELECTOR = YES;
				GCC_WARN_UNINITIALIZED_AUTOS = YES_AGGRESSIVE;
				GCC_WARN_UNUSED_FUNCTION = YES;
				GCC_WARN_UNUSED_VARIABLE = YES;
				IPHONEOS_DEPLOYMENT_TARGET = 10.0;
				MTL_ENABLE_DEBUG_INFO = NO;
				SDKROOT = iphoneos;
				SWIFT_OPTIMIZATION_LEVEL = "-Owholemodule";
				TARGETED_DEVICE_FAMILY = "1,2";
				VALIDATE_PRODUCT = YES;
			};
			name = Release;
		};
		7EA525D01E508D6E00DB657E /* Debug */ = {
			isa = XCBuildConfiguration;
			buildSettings = {
				ASSETCATALOG_COMPILER_APPICON_NAME = AppIcon;
				INFOPLIST_FILE = OntheMap/Info.plist;
				IPHONEOS_DEPLOYMENT_TARGET = 9.0;
				LD_RUNPATH_SEARCH_PATHS = "$(inherited) @executable_path/Frameworks";
				PRODUCT_BUNDLE_IDENTIFIER = com.rakesh.OntheMap;
				PRODUCT_NAME = "$(TARGET_NAME)";
				SWIFT_VERSION = 3.0;
			};
			name = Debug;
		};
		7EA525D11E508D6E00DB657E /* Release */ = {
			isa = XCBuildConfiguration;
			buildSettings = {
				ASSETCATALOG_COMPILER_APPICON_NAME = AppIcon;
				INFOPLIST_FILE = OntheMap/Info.plist;
				IPHONEOS_DEPLOYMENT_TARGET = 9.0;
				LD_RUNPATH_SEARCH_PATHS = "$(inherited) @executable_path/Frameworks";
				PRODUCT_BUNDLE_IDENTIFIER = com.rakesh.OntheMap;
				PRODUCT_NAME = "$(TARGET_NAME)";
				SWIFT_VERSION = 3.0;
			};
			name = Release;
		};
/* End XCBuildConfiguration section */

/* Begin XCConfigurationList section */
		7EA525B81E508D6E00DB657E /* Build configuration list for PBXProject "OntheMap" */ = {
			isa = XCConfigurationList;
			buildConfigurations = (
				7EA525CD1E508D6E00DB657E /* Debug */,
				7EA525CE1E508D6E00DB657E /* Release */,
			);
			defaultConfigurationIsVisible = 0;
			defaultConfigurationName = Release;
		};
		7EA525CF1E508D6E00DB657E /* Build configuration list for PBXNativeTarget "OntheMap" */ = {
			isa = XCConfigurationList;
			buildConfigurations = (
				7EA525D01E508D6E00DB657E /* Debug */,
				7EA525D11E508D6E00DB657E /* Release */,
			);
			defaultConfigurationIsVisible = 0;
			defaultConfigurationName = Release;
		};
/* End XCConfigurationList section */
	};
	rootObject = 7EA525B51E508D6E00DB657E /* Project object */;
}
